
Microsoft Visual Studio Solution File, Format Version 12.00
# Visual Studio Version 17
VisualStudioVersion = 17.0.32112.339
MinimumVisualStudioVersion = 10.0.40219.1
Project("{FAE04EC0-301F-11D3-BF4B-00C04F79EFBC}") = "WebApplication1", "WebApplication1\WebApplication1.csproj", "{91A3DA4B-1B6B-4F8E-B3A9-A5F6003B1735}"
EndProject
Global
	GlobalSection(SolutionConfigurationPlatforms) = preSolution
		Debug|Any CPU = Debug|Any CPU
		Release|Any CPU = Release|Any CPU
	EndGlobalSection
	GlobalSection(ProjectConfigurationPlatforms) = postSolution
		{91A3DA4B-1B6B-4F8E-B3A9-A5F6003B1735}.Debug|Any CPU.ActiveCfg = Debug|Any CPU
		{91A3DA4B-1B6B-4F8E-B3A9-A5F6003B1735}.Debug|Any CPU.Build.0 = Debug|Any CPU
		{91A3DA4B-1B6B-4F8E-B3A9-A5F6003B1735}.Release|Any CPU.ActiveCfg = Release|Any CPU
		{91A3DA4B-1B6B-4F8E-B3A9-A5F6003B1735}.Release|Any CPU.Build.0 = Release|Any CPU
	EndGlobalSection
	GlobalSection(SolutionProperties) = preSolution
		HideSolutionNode = FALSE
	EndGlobalSection
	GlobalSection(ExtensibilityGlobals) = postSolution
		SolutionGuid = {C9224116-FBDA-4760-9236-A3065D0FAD21}
	EndGlobalSection
EndGlobal
